
Microsoft Visual Studio Solution File, Format Version 12.00
# Visual Studio Version 17
VisualStudioVersion = 17.13.35825.156 d17.13
MinimumVisualStudioVersion = 10.0.40219.1
Project("{FAE04EC0-301F-11D3-BF4B-00C04F79EFBC}") = "prjInventoryManagement", "prjInventoryManagement\prjInventoryManagement.csproj", "{BF8119CA-EE2A-4382-B17C-9225FFA092EC}"
EndProject
Global
	GlobalSection(SolutionConfigurationPlatforms) = preSolution
		Debug|Any CPU = Debug|Any CPU
		Release|Any CPU = Release|Any CPU
	EndGlobalSection
	GlobalSection(ProjectConfigurationPlatforms) = postSolution
		{BF8119CA-EE2A-4382-B17C-9225FFA092EC}.Debug|Any CPU.ActiveCfg = Debug|Any CPU
		{BF8119CA-EE2A-4382-B17C-9225FFA092EC}.Debug|Any CPU.Build.0 = Debug|Any CPU
		{BF8119CA-EE2A-4382-B17C-9225FFA092EC}.Release|Any CPU.ActiveCfg = Release|Any CPU
		{BF8119CA-EE2A-4382-B17C-9225FFA092EC}.Release|Any CPU.Build.0 = Release|Any CPU
	EndGlobalSection
	GlobalSection(SolutionProperties) = preSolution
		HideSolutionNode = FALSE
	EndGlobalSection
	GlobalSection(ExtensibilityGlobals) = postSolution
		SolutionGuid = {CB73F565-421F-48A5-B955-1473BCE69876}
	EndGlobalSection
EndGlobal
